<?xml version="1.0" encoding="utf-8"?>
<Project ToolsVersion="4.0" xmlns="http://schemas.microsoft.com/developer/msbuild/2003">
  <ItemGroup>
    <Filter Include="源文件">
      <UniqueIdentifier>{4FC737F1-C7A5-4376-A066-2A32D752A2FF}</UniqueIdentifier>
      <Extensions>cpp;c;cc;cxx;c++;cppm;ixx;def;odl;idl;hpj;bat;asm;asmx</Extensions>
    </Filter>
    <Filter Include="头文件">
      <UniqueIdentifier>{93995380-89BD-4b04-88EB-625FBE52EBFB}</UniqueIdentifier>
      <Extensions>h;hh;hpp;hxx;h++;hm;inl;inc;ipp;xsd</Extensions>
    </Filter>
    <Filter Include="资源文件">
      <UniqueIdentifier>{67DA6AB6-F800-4c08-8B7A-83BB121AAD01}</UniqueIdentifier>
      <Extensions>rc;ico;cur;bmp;dlg;rc2;rct;bin;rgs;gif;jpg;jpeg;jpe;resx;tiff;tif;png;wav;mfcribbon-ms</Extensions>
    </Filter>
  </ItemGroup>
  <ItemGroup>
    <ClCompile Include="01 C++书写HelloWorld.cpp">
      <Filter>源文件</Filter>
    </ClCompile>
    <ClCompile Include="03 变量.cpp">
      <Filter>源文件</Filter>
    </ClCompile>
    <ClCompile Include="04 常量.cpp">
      <Filter>源文件</Filter>
    </ClCompile>
    <ClCompile Include="05 关键字.cpp">
      <Filter>源文件</Filter>
    </ClCompile>
    <ClCompile Include="06 标识符命名规则.cpp">
      <Filter>源文件</Filter>
    </ClCompile>
    <ClCompile Include="11 整形.cpp">
      <Filter>源文件</Filter>
    </ClCompile>
    <ClCompile Include="12 sizeof关键字.cpp">
      <Filter>源文件</Filter>
    </ClCompile>
    <ClCompile Include="13 实型（浮点型）.cpp">
      <Filter>源文件</Filter>
    </ClCompile>
    <ClCompile Include="14 字符型.cpp">
      <Filter>源文件</Filter>
    </ClCompile>
    <ClCompile Include="15 转义字符.cpp">
      <Filter>源文件</Filter>
    </ClCompile>
    <ClCompile Include="16 字符串型.cpp">
      <Filter>源文件</Filter>
    </ClCompile>
    <ClCompile Include="17 布尔类型.cpp">
      <Filter>源文件</Filter>
    </ClCompile>
    <ClCompile Include="18 数据的输入.cpp">
      <Filter>源文件</Filter>
    </ClCompile>
    <ClCompile Include="21 算术运算符-加减乘除.cpp">
      <Filter>源文件</Filter>
    </ClCompile>
    <ClCompile Include="22 算术运算符-取模.cpp">
      <Filter>源文件</Filter>
    </ClCompile>
    <ClCompile Include="23 算术运算符-前后置地增减.cpp">
      <Filter>源文件</Filter>
    </ClCompile>
    <ClCompile Include="24 赋值运算符.cpp">
      <Filter>源文件</Filter>
    </ClCompile>
    <ClCompile Include="25 比较运算符.cpp">
      <Filter>源文件</Filter>
    </ClCompile>
    <ClCompile Include="26 逻辑运算符.cpp">
      <Filter>源文件</Filter>
    </ClCompile>
    <ClCompile Include="31 选择结构-单行if语句.cpp">
      <Filter>源文件</Filter>
    </ClCompile>
    <ClCompile Include="32 选择结构-多行格式if语句.cpp">
      <Filter>源文件</Filter>
    </ClCompile>
    <ClCompile Include="33 选择结构-多条件if语句.cpp">
      <Filter>源文件</Filter>
    </ClCompile>
    <ClCompile Include="34 选择条件-嵌套if语句.cpp">
      <Filter>源文件</Filter>
    </ClCompile>
    <ClCompile Include="35 选择结构案例-三只小猪.cpp">
      <Filter>源文件</Filter>
    </ClCompile>
    <ClCompile Include="36 选择结构案例-三目运算符.cpp">
      <Filter>源文件</Filter>
    </ClCompile>
    <ClCompile Include="37 选择结构-switch语句.cpp">
      <Filter>源文件</Filter>
    </ClCompile>
    <ClCompile Include="41 循环结构-while语句.cpp">
      <Filter>源文件</Filter>
    </ClCompile>
    <ClCompile Include="42 循环结构-猜数字.cpp">
      <Filter>源文件</Filter>
    </ClCompile>
    <ClCompile Include="43 循环结构-dowhile循环.cpp">
      <Filter>源文件</Filter>
    </ClCompile>
    <ClCompile Include="44 循环结构案例-水仙花数.cpp">
      <Filter>源文件</Filter>
    </ClCompile>
    <ClCompile Include="45 循环结构-For循环语句.cpp">
      <Filter>源文件</Filter>
    </ClCompile>
    <ClCompile Include="46 循环结构案例-敲桌子.cpp">
      <Filter>源文件</Filter>
    </ClCompile>
    <ClCompile Include="47 嵌套循环.cpp">
      <Filter>源文件</Filter>
    </ClCompile>
    <ClCompile Include="48 嵌套循环案例-乘法口诀表.cpp">
      <Filter>源文件</Filter>
    </ClCompile>
    <ClCompile Include="49 跳转语句.cpp">
      <Filter>源文件</Filter>
    </ClCompile>
    <ClCompile Include="49 1 跳转语句-continue语句.cpp">
      <Filter>源文件</Filter>
    </ClCompile>
    <ClCompile Include="49 2 跳转语句-goto语句.cpp">
      <Filter>源文件</Filter>
    </ClCompile>
    <ClCompile Include="51 数组-一维数组.cpp">
      <Filter>源文件</Filter>
    </ClCompile>
    <ClCompile Include="52 一维数组-数组名.cpp">
      <Filter>源文件</Filter>
    </ClCompile>
  </ItemGroup>
  <ItemGroup>
    <Text Include="00 笔记.md">
      <Filter>源文件</Filter>
    </Text>
  </ItemGroup>
</Project>